// !$*UTF8*$!
{
	archiveVersion = 1;
	classes = {
	};
	objectVersion = 55;
	objects = {

/* Begin PBXBuildFile section */
		6968B05028EEB51600CFF6B4 /* appdeskApp.swift in Sources */ = {isa = PBXBuildFile; fileRef = 6968B04F28EEB51600CFF6B4 /* appdeskApp.swift */; };
		6968B05228EEB51600CFF6B4 /* ContentView.swift in Sources */ = {isa = PBXBuildFile; fileRef = 6968B05128EEB51600CFF6B4 /* ContentView.swift */; };
		6968B05428EEB51800CFF6B4 /* Assets.xcassets in Resources */ = {isa = PBXBuildFile; fileRef = 6968B05328EEB51800CFF6B4 /* Assets.xcassets */; };
		6968B05728EEB51800CFF6B4 /* Preview Assets.xcassets in Resources */ = {isa = PBXBuildFile; fileRef = 6968B05628EEB51800CFF6B4 /* Preview Assets.xcassets */; };
		6968B05E28EEB60600CFF6B4 /* TasksView.swift in Sources */ = {isa = PBXBuildFile; fileRef = 6968B05D28EEB60600CFF6B4 /* TasksView.swift */; };
		6968B06228EEB8AF00CFF6B4 /* TaskRow.swift in Sources */ = {isa = PBXBuildFile; fileRef = 6968B06128EEB8AF00CFF6B4 /* TaskRow.swift */; };
		6968B06428EEBE2B00CFF6B4 /* AddTaskView.swift in Sources */ = {isa = PBXBuildFile; fileRef = 6968B06328EEBE2B00CFF6B4 /* AddTaskView.swift */; };
		6968B06628EEC19A00CFF6B4 /* SmallAddButton.swift in Sources */ = {isa = PBXBuildFile; fileRef = 6968B06528EEC19A00CFF6B4 /* SmallAddButton.swift */; };
		6968B06928EF190900CFF6B4 /* Realm in Frameworks */ = {isa = PBXBuildFile; productRef = 6968B06828EF190900CFF6B4 /* Realm */; };
		6968B06B28EF190900CFF6B4 /* RealmSwift in Frameworks */ = {isa = PBXBuildFile; productRef = 6968B06A28EF190900CFF6B4 /* RealmSwift */; };
		6968B06D28EF20F700CFF6B4 /* RealmManager.swift in Sources */ = {isa = PBXBuildFile; fileRef = 6968B06C28EF20F600CFF6B4 /* RealmManager.swift */; };
		6968B06F28EF25D900CFF6B4 /*  Task.swift in Sources */ = {isa = PBXBuildFile; fileRef = 6968B06E28EF25D900CFF6B4 /*  Task.swift */; };
/* End PBXBuildFile section */

/* Begin PBXFileReference section */
		6968B04C28EEB51600CFF6B4 /* appdesk.app */ = {isa = PBXFileReference; explicitFileType = wrapper.application; includeInIndex = 0; path = appdesk.app; sourceTree = BUILT_PRODUCTS_DIR; };
		6968B04F28EEB51600CFF6B4 /* appdeskApp.swift */ = {isa = PBXFileReference; lastKnownFileType = sourcecode.swift; path = appdeskApp.swift; sourceTree = "<group>"; };
		6968B05128EEB51600CFF6B4 /* ContentView.swift */ = {isa = PBXFileReference; lastKnownFileType = sourcecode.swift; path = ContentView.swift; sourceTree = "<group>"; };
		6968B05328EEB51800CFF6B4 /* Assets.xcassets */ = {isa = PBXFileReference; lastKnownFileType = folder.assetcatalog; path = Assets.xcassets; sourceTree = "<group>"; };
		6968B05628EEB51800CFF6B4 /* Preview Assets.xcassets */ = {isa = PBXFileReference; lastKnownFileType = folder.assetcatalog; path = "Preview Assets.xcassets"; sourceTree = "<group>"; };
		6968B05D28EEB60600CFF6B4 /* TasksView.swift */ = {isa = PBXFileReference; lastKnownFileType = sourcecode.swift; path = TasksView.swift; sourceTree = "<group>"; };
		6968B06128EEB8AF00CFF6B4 /* TaskRow.swift */ = {isa = PBXFileReference; lastKnownFileType = sourcecode.swift; path = TaskRow.swift; sourceTree = "<group>"; };
		6968B06328EEBE2B00CFF6B4 /* AddTaskView.swift */ = {isa = PBXFileReference; lastKnownFileType = sourcecode.swift; path = AddTaskView.swift; sourceTree = "<group>"; };
		6968B06528EEC19A00CFF6B4 /* SmallAddButton.swift */ = {isa = PBXFileReference; lastKnownFileType = sourcecode.swift; path = SmallAddButton.swift; sourceTree = "<group>"; };
		6968B06C28EF20F600CFF6B4 /* RealmManager.swift */ = {isa = PBXFileReference; lastKnownFileType = sourcecode.swift; path = RealmManager.swift; sourceTree = "<group>"; };
		6968B06E28EF25D900CFF6B4 /*  Task.swift */ = {isa = PBXFileReference; lastKnownFileType = sourcecode.swift; path = " Task.swift"; sourceTree = "<group>"; };
/* End PBXFileReference section */

/* Begin PBXFrameworksBuildPhase section */
		6968B04928EEB51600CFF6B4 /* Frameworks */ = {
			isa = PBXFrameworksBuildPhase;
			buildActionMask = 2147483647;
			files = (
				6968B06B28EF190900CFF6B4 /* RealmSwift in Frameworks */,
				6968B06928EF190900CFF6B4 /* Realm in Frameworks */,
			);
			runOnlyForDeploymentPostprocessing = 0;
		};
/* End PBXFrameworksBuildPhase section */

/* Begin PBXGroup section */
		6968B04328EEB51600CFF6B4 = {
			isa = PBXGroup;
			children = (
				6968B04E28EEB51600CFF6B4 /* appdesk */,
				6968B04D28EEB51600CFF6B4 /* Products */,
			);
			sourceTree = "<group>";
		};
		6968B04D28EEB51600CFF6B4 /* Products */ = {
			isa = PBXGroup;
			children = (
				6968B04C28EEB51600CFF6B4 /* appdesk.app */,
			);
			name = Products;
			sourceTree = "<group>";
		};
		6968B04E28EEB51600CFF6B4 /* appdesk */ = {
			isa = PBXGroup;
			children = (
				6968B04F28EEB51600CFF6B4 /* appdeskApp.swift */,
				6968B05F28EEB61B00CFF6B4 /* Views */,
				6968B06028EEB87C00CFF6B4 /* Components */,
				6968B05328EEB51800CFF6B4 /* Assets.xcassets */,
				6968B05528EEB51800CFF6B4 /* Preview Content */,
			);
			path = appdesk;
			sourceTree = "<group>";
		};
		6968B05528EEB51800CFF6B4 /* Preview Content */ = {
			isa = PBXGroup;
			children = (
				6968B05628EEB51800CFF6B4 /* Preview Assets.xcassets */,
				6968B06C28EF20F600CFF6B4 /* RealmManager.swift */,
				6968B06E28EF25D900CFF6B4 /*  Task.swift */,
			);
			path = "Preview Content";
			sourceTree = "<group>";
		};
		6968B05F28EEB61B00CFF6B4 /* Views */ = {
			isa = PBXGroup;
			children = (
				6968B06328EEBE2B00CFF6B4 /* AddTaskView.swift */,
				6968B05128EEB51600CFF6B4 /* ContentView.swift */,
				6968B05D28EEB60600CFF6B4 /* TasksView.swift */,
			);
			path = Views;
			sourceTree = "<group>";
		};
		6968B06028EEB87C00CFF6B4 /* Components */ = {
			isa = PBXGroup;
			children = (
				6968B06128EEB8AF00CFF6B4 /* TaskRow.swift */,
				6968B06528EEC19A00CFF6B4 /* SmallAddButton.swift */,
			);
			name = Components;
			path = Views;
			sourceTree = "<group>";
		};
/* End PBXGroup section */

/* Begin PBXNativeTarget section */
		6968B04B28EEB51600CFF6B4 /* appdesk */ = {
			isa = PBXNativeTarget;
			buildConfigurationList = 6968B05A28EEB51800CFF6B4 /* Build configuration list for PBXNativeTarget "appdesk" */;
			buildPhases = (
				6968B04828EEB51600CFF6B4 /* Sources */,
				6968B04928EEB51600CFF6B4 /* Frameworks */,
				6968B04A28EEB51600CFF6B4 /* Resources */,
			);
			buildRules = (
			);
			dependencies = (
			);
			name = appdesk;
			packageProductDependencies = (
				6968B06828EF190900CFF6B4 /* Realm */,
				6968B06A28EF190900CFF6B4 /* RealmSwift */,
			);
			productName = appdesk;
			productReference = 6968B04C28EEB51600CFF6B4 /* appdesk.app */;
			productType = "com.apple.product-type.application";
		};
/* End PBXNativeTarget section */

/* Begin PBXProject section */
		6968B04428EEB51600CFF6B4 /* Project object */ = {
			isa = PBXProject;
			attributes = {
				BuildIndependentTargetsInParallel = 1;
				LastSwiftUpdateCheck = 1330;
				LastUpgradeCheck = 1330;
				TargetAttributes = {
					6968B04B28EEB51600CFF6B4 = {
						CreatedOnToolsVersion = 13.3;
					};
				};
			};
			buildConfigurationList = 6968B04728EEB51600CFF6B4 /* Build configuration list for PBXProject "appdesk" */;
			compatibilityVersion = "Xcode 13.0";
			developmentRegion = en;
			hasScannedForEncodings = 0;
			knownRegions = (
				en,
				Base,
			);
			mainGroup = 6968B04328EEB51600CFF6B4;
			packageReferences = (
				6968B06728EF190800CFF6B4 /* XCRemoteSwiftPackageReference "realm-cocoa" */,
			);
			productRefGroup = 6968B04D28EEB51600CFF6B4 /* Products */;
			projectDirPath = "";
			projectRoot = "";
			targets = (
				6968B04B28EEB51600CFF6B4 /* appdesk */,
			);
		};
/* End PBXProject section */

/* Begin PBXResourcesBuildPhase section */
		6968B04A28EEB51600CFF6B4 /* Resources */ = {
			isa = PBXResourcesBuildPhase;
			buildActionMask = 2147483647;
			files = (
				6968B05728EEB51800CFF6B4 /* Preview Assets.xcassets in Resources */,
				6968B05428EEB51800CFF6B4 /* Assets.xcassets in Resources */,
			);
			runOnlyForDeploymentPostprocessing = 0;
		};
/* End PBXResourcesBuildPhase section */

/* Begin PBXSourcesBuildPhase section */
		6968B04828EEB51600CFF6B4 /* Sources */ = {
			isa = PBXSourcesBuildPhase;
			buildActionMask = 2147483647;
			files = (
				6968B05228EEB51600CFF6B4 /* ContentView.swift in Sources */,
				6968B06F28EF25D900CFF6B4 /*  Task.swift in Sources */,
				6968B06428EEBE2B00CFF6B4 /* AddTaskView.swift in Sources */,
				6968B05E28EEB60600CFF6B4 /* TasksView.swift in Sources */,
				6968B06628EEC19A00CFF6B4 /* SmallAddButton.swift in Sources */,
				6968B05028EEB51600CFF6B4 /* appdeskApp.swift in Sources */,
				6968B06D28EF20F700CFF6B4 /* RealmManager.swift in Sources */,
				6968B06228EEB8AF00CFF6B4 /* TaskRow.swift in Sources */,
			);
			runOnlyForDeploymentPostprocessing = 0;
		};
/* End PBXSourcesBuildPhase section */

/* Begin XCBuildConfiguration section */
		6968B05828EEB51800CFF6B4 /* Debug */ = {
			isa = XCBuildConfiguration;
			buildSettings = {
				ALWAYS_SEARCH_USER_PATHS = NO;
				CLANG_ANALYZER_NONNULL = YES;
				CLANG_ANALYZER_NUMBER_OBJECT_CONVERSION = YES_AGGRESSIVE;
				CLANG_CXX_LANGUAGE_STANDARD = "gnu++17";
				CLANG_ENABLE_MODULES = YES;
				CLANG_ENABLE_OBJC_ARC = YES;
				CLANG_ENABLE_OBJC_WEAK = YES;
				CLANG_WARN_BLOCK_CAPTURE_AUTORELEASING = YES;
				CLANG_WARN_BOOL_CONVERSION = YES;
				CLANG_WARN_COMMA = YES;
				CLANG_WARN_CONSTANT_CONVERSION = YES;
				CLANG_WARN_DEPRECATED_OBJC_IMPLEMENTATIONS = YES;
				CLANG_WARN_DIRECT_OBJC_ISA_USAGE = YES_ERROR;
				CLANG_WARN_DOCUMENTATION_COMMENTS = YES;
				CLANG_WARN_EMPTY_BODY = YES;
				CLANG_WARN_ENUM_CONVERSION = YES;
				CLANG_WARN_INFINITE_RECURSION = YES;
				CLANG_WARN_INT_CONVERSION = YES;
				CLANG_WARN_NON_LITERAL_NULL_CONVERSION = YES;
				CLANG_WARN_OBJC_IMPLICIT_RETAIN_SELF = YES;
				CLANG_WARN_OBJC_LITERAL_CONVERSION = YES;
				CLANG_WARN_OBJC_ROOT_CLASS = YES_ERROR;
				CLANG_WARN_QUOTED_INCLUDE_IN_FRAMEWORK_HEADER = YES;
				CLANG_WARN_RANGE_LOOP_ANALYSIS = YES;
				CLANG_WARN_STRICT_PROTOTYPES = YES;
				CLANG_WARN_SUSPICIOUS_MOVE = YES;
				CLANG_WARN_UNGUARDED_AVAILABILITY = YES_AGGRESSIVE;
				CLANG_WARN_UNREACHABLE_CODE = YES;
				CLANG_WARN__DUPLICATE_METHOD_MATCH = YES;
				COPY_PHASE_STRIP = NO;
				DEBUG_INFORMATION_FORMAT = dwarf;
				ENABLE_STRICT_OBJC_MSGSEND = YES;
				ENABLE_TESTABILITY = YES;
				GCC_C_LANGUAGE_STANDARD = gnu11;
				GCC_DYNAMIC_NO_PIC = NO;
				GCC_NO_COMMON_BLOCKS = YES;
				GCC_OPTIMIZATION_LEVEL = 0;
				GCC_PREPROCESSOR_DEFINITIONS = (
					"DEBUG=1",
					"$(inherited)",
				);
				GCC_WARN_64_TO_32_BIT_CONVERSION = YES;
				GCC_WARN_ABOUT_RETURN_TYPE = YES_ERROR;
				GCC_WARN_UNDECLARED_SELECTOR = YES;
				GCC_WARN_UNINITIALIZED_AUTOS = YES_AGGRESSIVE;
				GCC_WARN_UNUSED_FUNCTION = YES;
				GCC_WARN_UNUSED_VARIABLE = YES;
				IPHONEOS_DEPLOYMENT_TARGET = 15.4;
				MTL_ENABLE_DEBUG_INFO = INCLUDE_SOURCE;
				MTL_FAST_MATH = YES;
				ONLY_ACTIVE_ARCH = YES;
				SDKROOT = iphoneos;
				SWIFT_ACTIVE_COMPILATION_CONDITIONS = DEBUG;
				SWIFT_OPTIMIZATION_LEVEL = "-Onone";
			};
			name = Debug;
		};
		6968B05928EEB51800CFF6B4 /* Release */ = {
			isa = XCBuildConfiguration;
			buildSettings = {
				ALWAYS_SEARCH_USER_PATHS = NO;
				CLANG_ANALYZER_NONNULL = YES;
				CLANG_ANALYZER_NUMBER_OBJECT_CONVERSION = YES_AGGRESSIVE;
				CLANG_CXX_LANGUAGE_STANDARD = "gnu++17";
				CLANG_ENABLE_MODULES = YES;
				CLANG_ENABLE_OBJC_ARC = YES;
				CLANG_ENABLE_OBJC_WEAK = YES;
				CLANG_WARN_BLOCK_CAPTURE_AUTORELEASING = YES;
				CLANG_WARN_BOOL_CONVERSION = YES;
				CLANG_WARN_COMMA = YES;
				CLANG_WARN_CONSTANT_CONVERSION = YES;
				CLANG_WARN_DEPRECATED_OBJC_IMPLEMENTATIONS = YES;
				CLANG_WARN_DIRECT_OBJC_ISA_USAGE = YES_ERROR;
				CLANG_WARN_DOCUMENTATION_COMMENTS = YES;
				CLANG_WARN_EMPTY_BODY = YES;
				CLANG_WARN_ENUM_CONVERSION = YES;
				CLANG_WARN_INFINITE_RECURSION = YES;
				CLANG_WARN_INT_CONVERSION = YES;
				CLANG_WARN_NON_LITERAL_NULL_CONVERSION = YES;
				CLANG_WARN_OBJC_IMPLICIT_RETAIN_SELF = YES;
				CLANG_WARN_OBJC_LITERAL_CONVERSION = YES;
				CLANG_WARN_OBJC_ROOT_CLASS = YES_ERROR;
				CLANG_WARN_QUOTED_INCLUDE_IN_FRAMEWORK_HEADER = YES;
				CLANG_WARN_RANGE_LOOP_ANALYSIS = YES;
				CLANG_WARN_STRICT_PROTOTYPES = YES;
				CLANG_WARN_SUSPICIOUS_MOVE = YES;
				CLANG_WARN_UNGUARDED_AVAILABILITY = YES_AGGRESSIVE;
				CLANG_WARN_UNREACHABLE_CODE = YES;
				CLANG_WARN__DUPLICATE_METHOD_MATCH = YES;
				COPY_PHASE_STRIP = NO;
				DEBUG_INFORMATION_FORMAT = "dwarf-with-dsym";
				ENABLE_NS_ASSERTIONS = NO;
				ENABLE_STRICT_OBJC_MSGSEND = YES;
				GCC_C_LANGUAGE_STANDARD = gnu11;
				GCC_NO_COMMON_BLOCKS = YES;
				GCC_WARN_64_TO_32_BIT_CONVERSION = YES;
				GCC_WARN_ABOUT_RETURN_TYPE = YES_ERROR;
				GCC_WARN_UNDECLARED_SELECTOR = YES;
				GCC_WARN_UNINITIALIZED_AUTOS = YES_AGGRESSIVE;
				GCC_WARN_UNUSED_FUNCTION = YES;
				GCC_WARN_UNUSED_VARIABLE = YES;
				IPHONEOS_DEPLOYMENT_TARGET = 15.4;
				MTL_ENABLE_DEBUG_INFO = NO;
				MTL_FAST_MATH = YES;
				SDKROOT = iphoneos;
				SWIFT_COMPILATION_MODE = wholemodule;
				SWIFT_OPTIMIZATION_LEVEL = "-O";
				VALIDATE_PRODUCT = YES;
			};
			name = Release;
		};
		6968B05B28EEB51800CFF6B4 /* Debug */ = {
			isa = XCBuildConfiguration;
			buildSettings = {
				ASSETCATALOG_COMPILER_APPICON_NAME = AppIcon;
				ASSETCATALOG_COMPILER_GLOBAL_ACCENT_COLOR_NAME = AccentColor;
				CODE_SIGN_STYLE = Automatic;
				CURRENT_PROJECT_VERSION = 1;
				DEVELOPMENT_ASSET_PATHS = "\"appdesk/Preview Content\"";
				DEVELOPMENT_TEAM = 845369TWQ6;
				ENABLE_PREVIEWS = YES;
				GENERATE_INFOPLIST_FILE = YES;
				INFOPLIST_KEY_UIApplicationSceneManifest_Generation = YES;
				INFOPLIST_KEY_UIApplicationSupportsIndirectInputEvents = YES;
				INFOPLIST_KEY_UILaunchScreen_Generation = YES;
				INFOPLIST_KEY_UISupportedInterfaceOrientations_iPad = "UIInterfaceOrientationPortrait UIInterfaceOrientationPortraitUpsideDown UIInterfaceOrientationLandscapeLeft UIInterfaceOrientationLandscapeRight";
				INFOPLIST_KEY_UISupportedInterfaceOrientations_iPhone = "UIInterfaceOrientationPortrait UIInterfaceOrientationLandscapeLeft UIInterfaceOrientationLandscapeRight";
				LD_RUNPATH_SEARCH_PATHS = (
					"$(inherited)",
					"@executable_path/Frameworks",
				);
				MARKETING_VERSION = 1.0;
				PRODUCT_BUNDLE_IDENTIFIER = josivan.appdesk;
				PRODUCT_NAME = "$(TARGET_NAME)";
				SWIFT_EMIT_LOC_STRINGS = YES;
				SWIFT_VERSION = 5.0;
				TARGETED_DEVICE_FAMILY = "1,2";
			};
			name = Debug;
		};
		6968B05C28EEB51800CFF6B4 /* Release */ = {
			isa = XCBuildConfiguration;
			buildSettings = {
				ASSETCATALOG_COMPILER_APPICON_NAME = AppIcon;
				ASSETCATALOG_COMPILER_GLOBAL_ACCENT_COLOR_NAME = AccentColor;
				CODE_SIGN_STYLE = Automatic;
				CURRENT_PROJECT_VERSION = 1;
				DEVELOPMENT_ASSET_PATHS = "\"appdesk/Preview Content\"";
				DEVELOPMENT_TEAM = 845369TWQ6;
				ENABLE_PREVIEWS = YES;
				GENERATE_INFOPLIST_FILE = YES;
				INFOPLIST_KEY_UIApplicationSceneManifest_Generation = YES;
				INFOPLIST_KEY_UIApplicationSupportsIndirectInputEvents = YES;
				INFOPLIST_KEY_UILaunchScreen_Generation = YES;
				INFOPLIST_KEY_UISupportedInterfaceOrientations_iPad = "UIInterfaceOrientationPortrait UIInterfaceOrientationPortraitUpsideDown UIInterfaceOrientationLandscapeLeft UIInterfaceOrientationLandscapeRight";
				INFOPLIST_KEY_UISupportedInterfaceOrientations_iPhone = "UIInterfaceOrientationPortrait UIInterfaceOrientationLandscapeLeft UIInterfaceOrientationLandscapeRight";
				LD_RUNPATH_SEARCH_PATHS = (
					"$(inherited)",
					"@executable_path/Frameworks",
				);
				MARKETING_VERSION = 1.0;
				PRODUCT_BUNDLE_IDENTIFIER = josivan.appdesk;
				PRODUCT_NAME = "$(TARGET_NAME)";
				SWIFT_EMIT_LOC_STRINGS = YES;
				SWIFT_VERSION = 5.0;
				TARGETED_DEVICE_FAMILY = "1,2";
			};
			name = Release;
		};
/* End XCBuildConfiguration section */

/* Begin XCConfigurationList section */
		6968B04728EEB51600CFF6B4 /* Build configuration list for PBXProject "appdesk" */ = {
			isa = XCConfigurationList;
			buildConfigurations = (
				6968B05828EEB51800CFF6B4 /* Debug */,
				6968B05928EEB51800CFF6B4 /* Release */,
			);
			defaultConfigurationIsVisible = 0;
			defaultConfigurationName = Release;
		};
		6968B05A28EEB51800CFF6B4 /* Build configuration list for PBXNativeTarget "appdesk" */ = {
			isa = XCConfigurationList;
			buildConfigurations = (
				6968B05B28EEB51800CFF6B4 /* Debug */,
				6968B05C28EEB51800CFF6B4 /* Release */,
			);
			defaultConfigurationIsVisible = 0;
			defaultConfigurationName = Release;
		};
/* End XCConfigurationList section */

/* Begin XCRemoteSwiftPackageReference section */
		6968B06728EF190800CFF6B4 /* XCRemoteSwiftPackageReference "realm-cocoa" */ = {
			isa = XCRemoteSwiftPackageReference;
			repositoryURL = "https://github.com/realm/realm-cocoa.git";
			requirement = {
				kind = upToNextMajorVersion;
				minimumVersion = 10.10.0;
			};
		};
/* End XCRemoteSwiftPackageReference section */

/* Begin XCSwiftPackageProductDependency section */
		6968B06828EF190900CFF6B4 /* Realm */ = {
			isa = XCSwiftPackageProductDependency;
			package = 6968B06728EF190800CFF6B4 /* XCRemoteSwiftPackageReference "realm-cocoa" */;
			productName = Realm;
		};
		6968B06A28EF190900CFF6B4 /* RealmSwift */ = {
			isa = XCSwiftPackageProductDependency;
			package = 6968B06728EF190800CFF6B4 /* XCRemoteSwiftPackageReference "realm-cocoa" */;
			productName = RealmSwift;
		};
/* End XCSwiftPackageProductDependency section */
	};
	rootObject = 6968B04428EEB51600CFF6B4 /* Project object */;
}
